
Microsoft Visual Studio Solution File, Format Version 12.00
# Visual Studio Version 17
VisualStudioVersion = 17.4.33213.308
MinimumVisualStudioVersion = 10.0.40219.1
Project("{FAE04EC0-301F-11D3-BF4B-00C04F79EFBC}") = "ProjetoNovo", "ProjetoNovo.csproj", "{5CA95D39-ACB1-49B3-BB4F-75A172E81637}"
EndProject
Global
	GlobalSection(SolutionConfigurationPlatforms) = preSolution
		Debug|Any CPU = Debug|Any CPU
		Release|Any CPU = Release|Any CPU
	EndGlobalSection
	GlobalSection(ProjectConfigurationPlatforms) = postSolution
		{5CA95D39-ACB1-49B3-BB4F-75A172E81637}.Debug|Any CPU.ActiveCfg = Debug|Any CPU
		{5CA95D39-ACB1-49B3-BB4F-75A172E81637}.Debug|Any CPU.Build.0 = Debug|Any CPU
		{5CA95D39-ACB1-49B3-BB4F-75A172E81637}.Release|Any CPU.ActiveCfg = Release|Any CPU
		{5CA95D39-ACB1-49B3-BB4F-75A172E81637}.Release|Any CPU.Build.0 = Release|Any CPU
	EndGlobalSection
	GlobalSection(SolutionProperties) = preSolution
		HideSolutionNode = FALSE
	EndGlobalSection
	GlobalSection(ExtensibilityGlobals) = postSolution
		SolutionGuid = {593415CE-27B1-4AEC-89D7-1B8B443BD41D}
	EndGlobalSection
EndGlobal
